Microsoft Visual Studio Solution File, Format Version 11.00
# Visual Studio 2008

Project("{59EF9E01-2673-1035-0FC8-C9E08F571B7B}") = "Erick_produzindo", "Assembly-CSharp-vs.csproj", "{DAFBB208-8C8F-3510-C878-CBA616B7D831}"
EndProject
Global
	GlobalSection(SolutionConfigurationPlatforms) = preSolution
		Debug|Any CPU = Debug|Any CPU
		Release|Any CPU = Release|Any CPU
	EndGlobalSection
	GlobalSection(ProjectConfigurationPlatforms) = postSolution
		{DAFBB208-8C8F-3510-C878-CBA616B7D831}.Debug|Any CPU.ActiveCfg = Debug|Any CPU
		{DAFBB208-8C8F-3510-C878-CBA616B7D831}.Debug|Any CPU.Build.0 = Debug|Any CPU
		{DAFBB208-8C8F-3510-C878-CBA616B7D831}.Release|Any CPU.ActiveCfg = Release|Any CPU
		{DAFBB208-8C8F-3510-C878-CBA616B7D831}.Release|Any CPU.Build.0 = Release|Any CPU
	EndGlobalSection
	GlobalSection(SolutionProperties) = preSolution
		HideSolutionNode = FALSE
	EndGlobalSection
																																																	GlobalSection(MonoDevelopProperties) = preSolution
		StartupItem = Assembly-CSharp.csproj
		Policies = $0
		$0.TextStylePolicy = $1
		$1.inheritsSet = null
		$1.scope = text/x-csharp
		$0.CSharpFormattingPolicy = $2
		$2.inheritsSet = Mono
		$2.inheritsScope = text/x-csharp
		$2.scope = text/x-csharp
		$0.TextStylePolicy = $3
		$3.FileWidth = 120
		$3.TabWidth = 4
		$3.IndentWidth = 4
		$3.EolMarker = Unix
		$3.inheritsSet = Mono
		$3.inheritsScope = text/plain
		$3.scope = text/plain
	EndGlobalSection

EndGlobal
