Microsoft Visual Studio Solution File, Format Version 11.00
# Visual Studio 2008

Project("{DE86C5AD-AFDE-05CB-5B83-DB84C59D78BE}") = "UnityProject_grupo6", "Assembly-CSharp.csproj", "{E3F696B2-13AC-E755-0FDC-47D32A2EE00E}"
EndProject
Global
	GlobalSection(SolutionConfigurationPlatforms) = preSolution
		Debug|Any CPU = Debug|Any CPU
		Release|Any CPU = Release|Any CPU
	EndGlobalSection
	GlobalSection(ProjectConfigurationPlatforms) = postSolution
		{E3F696B2-13AC-E755-0FDC-47D32A2EE00E}.Debug|Any CPU.ActiveCfg = Debug|Any CPU
		{E3F696B2-13AC-E755-0FDC-47D32A2EE00E}.Debug|Any CPU.Build.0 = Debug|Any CPU
		{E3F696B2-13AC-E755-0FDC-47D32A2EE00E}.Release|Any CPU.ActiveCfg = Release|Any CPU
		{E3F696B2-13AC-E755-0FDC-47D32A2EE00E}.Release|Any CPU.Build.0 = Release|Any CPU
	EndGlobalSection
	GlobalSection(SolutionProperties) = preSolution
		HideSolutionNode = FALSE
	EndGlobalSection
			GlobalSection(MonoDevelopProperties) = preSolution
		StartupItem = Assembly-CSharp.csproj
		Policies = $0
		$0.TextStylePolicy = $1
		$1.inheritsSet = null
		$1.scope = text/x-csharp
		$0.CSharpFormattingPolicy = $2
		$2.inheritsSet = Mono
		$2.inheritsScope = text/x-csharp
		$2.scope = text/x-csharp
		$0.TextStylePolicy = $3
		$3.FileWidth = 120
		$3.TabWidth = 4
		$3.IndentWidth = 4
		$3.EolMarker = Unix
		$3.inheritsSet = Mono
		$3.inheritsScope = text/plain
		$3.scope = text/plain
	EndGlobalSection

EndGlobal
